
Microsoft Visual Studio Solution File, Format Version 12.00
# Visual Studio Version 17
VisualStudioVersion = 17.0.31903.59
MinimumVisualStudioVersion = 10.0.40219.1
Project("{FAE04EC0-301F-11D3-BF4B-00C04F79EFBC}") = "SistemaGestionEntities", "SistemaGestionEntities\SistemaGestionEntities.csproj", "{EF01AADF-C1A0-40EF-94EE-47C684C01C18}"
EndProject
Project("{FAE04EC0-301F-11D3-BF4B-00C04F79EFBC}") = "SistemaGestionData", "SistemaGestionData\SistemaGestionData.csproj", "{46C205AC-4259-46DC-B015-3D157C626C3B}"
EndProject
Project("{FAE04EC0-301F-11D3-BF4B-00C04F79EFBC}") = "SistemaGestionBussiness", "SistemaGestionBussiness\SistemaGestionBussiness.csproj", "{D3ABDE37-3179-4223-B850-B027764A088A}"
EndProject
Global
	GlobalSection(SolutionConfigurationPlatforms) = preSolution
		Debug|Any CPU = Debug|Any CPU
		Release|Any CPU = Release|Any CPU
	EndGlobalSection
	GlobalSection(SolutionProperties) = preSolution
		HideSolutionNode = FALSE
	EndGlobalSection
	GlobalSection(ProjectConfigurationPlatforms) = postSolution
		{EF01AADF-C1A0-40EF-94EE-47C684C01C18}.Debug|Any CPU.ActiveCfg = Debug|Any CPU
		{EF01AADF-C1A0-40EF-94EE-47C684C01C18}.Debug|Any CPU.Build.0 = Debug|Any CPU
		{EF01AADF-C1A0-40EF-94EE-47C684C01C18}.Release|Any CPU.ActiveCfg = Release|Any CPU
		{EF01AADF-C1A0-40EF-94EE-47C684C01C18}.Release|Any CPU.Build.0 = Release|Any CPU
		{46C205AC-4259-46DC-B015-3D157C626C3B}.Debug|Any CPU.ActiveCfg = Debug|Any CPU
		{46C205AC-4259-46DC-B015-3D157C626C3B}.Debug|Any CPU.Build.0 = Debug|Any CPU
		{46C205AC-4259-46DC-B015-3D157C626C3B}.Release|Any CPU.ActiveCfg = Release|Any CPU
		{46C205AC-4259-46DC-B015-3D157C626C3B}.Release|Any CPU.Build.0 = Release|Any CPU
		{D3ABDE37-3179-4223-B850-B027764A088A}.Debug|Any CPU.ActiveCfg = Debug|Any CPU
		{D3ABDE37-3179-4223-B850-B027764A088A}.Debug|Any CPU.Build.0 = Debug|Any CPU
		{D3ABDE37-3179-4223-B850-B027764A088A}.Release|Any CPU.ActiveCfg = Release|Any CPU
		{D3ABDE37-3179-4223-B850-B027764A088A}.Release|Any CPU.Build.0 = Release|Any CPU
	EndGlobalSection
EndGlobal
